
Microsoft Visual Studio Solution File, Format Version 12.00
# Visual Studio Version 16
VisualStudioVersion = 16.0.30406.217
MinimumVisualStudioVersion = 10.0.40219.1
Project("{9A19103F-16F7-4668-BE54-9A1E7A4F7556}") = "EasySoftware.MvvmMini.Core", "EasySoftware.MvvmMini.Core\EasySoftware.MvvmMini.Core.csproj", "{F4C0FC7A-6F1E-4B17-82F7-68741CE918EE}"
EndProject
Project("{9A19103F-16F7-4668-BE54-9A1E7A4F7556}") = "EasySoftware.MvvmMini", "EasySoftware.MvvmMini\EasySoftware.MvvmMini.csproj", "{8AEB03A4-1C15-4542-98D2-596E6B153547}"
EndProject
Project("{9A19103F-16F7-4668-BE54-9A1E7A4F7556}") = "EasySoftware.MvvmMini.Samples.Notepad", "EasySoftware.MvvmMini.Samples.Notepad\EasySoftware.MvvmMini.Samples.Notepad.csproj", "{249F8DF9-2775-45E2-A806-18338DE1EC52}"
EndProject
Project("{9A19103F-16F7-4668-BE54-9A1E7A4F7556}") = "EasySoftware.MvvmMini.Samples.Contacts", "EasySoftware.MvvmMini.Samples.Contacts\EasySoftware.MvvmMini.Samples.Contacts.csproj", "{70CECA2D-BB6F-455C-8011-915F5B180E72}"
EndProject
Project("{9A19103F-16F7-4668-BE54-9A1E7A4F7556}") = "EasySoftware.MvvmMini.Samples.Contacts.Tests", "EasySoftware.MvvmMini.Samples.Contacts.Tests\EasySoftware.MvvmMini.Samples.Contacts.Tests.csproj", "{804C1FD0-CAA5-4B67-BCFB-08F02B8D3833}"
EndProject
Project("{2150E333-8FDC-42A3-9474-1A3956D46DE8}") = "SampleApplications", "SampleApplications", "{D1271868-7B30-4FF6-A8B3-98135E51A86F}"
EndProject
Project("{FAE04EC0-301F-11D3-BF4B-00C04F79EFBC}") = "EasySoftware.MvvmMini.Tests", "EasySoftware.MvvmMini.Tests\EasySoftware.MvvmMini.Tests.csproj", "{3B4242B2-607D-484A-92BF-14F4DB578BE2}"
EndProject
Global
	GlobalSection(SolutionConfigurationPlatforms) = preSolution
		Debug|Any CPU = Debug|Any CPU
		Release|Any CPU = Release|Any CPU
	EndGlobalSection
	GlobalSection(ProjectConfigurationPlatforms) = postSolution
		{F4C0FC7A-6F1E-4B17-82F7-68741CE918EE}.Debug|Any CPU.ActiveCfg = Debug|Any CPU
		{F4C0FC7A-6F1E-4B17-82F7-68741CE918EE}.Debug|Any CPU.Build.0 = Debug|Any CPU
		{F4C0FC7A-6F1E-4B17-82F7-68741CE918EE}.Release|Any CPU.ActiveCfg = Release|Any CPU
		{F4C0FC7A-6F1E-4B17-82F7-68741CE918EE}.Release|Any CPU.Build.0 = Release|Any CPU
		{8AEB03A4-1C15-4542-98D2-596E6B153547}.Debug|Any CPU.ActiveCfg = Debug|Any CPU
		{8AEB03A4-1C15-4542-98D2-596E6B153547}.Debug|Any CPU.Build.0 = Debug|Any CPU
		{8AEB03A4-1C15-4542-98D2-596E6B153547}.Release|Any CPU.ActiveCfg = Release|Any CPU
		{8AEB03A4-1C15-4542-98D2-596E6B153547}.Release|Any CPU.Build.0 = Release|Any CPU
		{249F8DF9-2775-45E2-A806-18338DE1EC52}.Debug|Any CPU.ActiveCfg = Debug|Any CPU
		{249F8DF9-2775-45E2-A806-18338DE1EC52}.Debug|Any CPU.Build.0 = Debug|Any CPU
		{249F8DF9-2775-45E2-A806-18338DE1EC52}.Release|Any CPU.ActiveCfg = Release|Any CPU
		{249F8DF9-2775-45E2-A806-18338DE1EC52}.Release|Any CPU.Build.0 = Release|Any CPU
		{70CECA2D-BB6F-455C-8011-915F5B180E72}.Debug|Any CPU.ActiveCfg = Debug|Any CPU
		{70CECA2D-BB6F-455C-8011-915F5B180E72}.Debug|Any CPU.Build.0 = Debug|Any CPU
		{70CECA2D-BB6F-455C-8011-915F5B180E72}.Release|Any CPU.ActiveCfg = Release|Any CPU
		{70CECA2D-BB6F-455C-8011-915F5B180E72}.Release|Any CPU.Build.0 = Release|Any CPU
		{804C1FD0-CAA5-4B67-BCFB-08F02B8D3833}.Debug|Any CPU.ActiveCfg = Debug|Any CPU
		{804C1FD0-CAA5-4B67-BCFB-08F02B8D3833}.Debug|Any CPU.Build.0 = Debug|Any CPU
		{804C1FD0-CAA5-4B67-BCFB-08F02B8D3833}.Release|Any CPU.ActiveCfg = Release|Any CPU
		{804C1FD0-CAA5-4B67-BCFB-08F02B8D3833}.Release|Any CPU.Build.0 = Release|Any CPU
		{3B4242B2-607D-484A-92BF-14F4DB578BE2}.Debug|Any CPU.ActiveCfg = Debug|Any CPU
		{3B4242B2-607D-484A-92BF-14F4DB578BE2}.Debug|Any CPU.Build.0 = Debug|Any CPU
		{3B4242B2-607D-484A-92BF-14F4DB578BE2}.Release|Any CPU.ActiveCfg = Release|Any CPU
		{3B4242B2-607D-484A-92BF-14F4DB578BE2}.Release|Any CPU.Build.0 = Release|Any CPU
	EndGlobalSection
	GlobalSection(SolutionProperties) = preSolution
		HideSolutionNode = FALSE
	EndGlobalSection
	GlobalSection(NestedProjects) = preSolution
		{249F8DF9-2775-45E2-A806-18338DE1EC52} = {D1271868-7B30-4FF6-A8B3-98135E51A86F}
		{70CECA2D-BB6F-455C-8011-915F5B180E72} = {D1271868-7B30-4FF6-A8B3-98135E51A86F}
		{804C1FD0-CAA5-4B67-BCFB-08F02B8D3833} = {D1271868-7B30-4FF6-A8B3-98135E51A86F}
	EndGlobalSection
	GlobalSection(ExtensibilityGlobals) = postSolution
		SolutionGuid = {11DBE514-6AC2-4A0B-908B-85DFA52EB27C}
	EndGlobalSection
EndGlobal
