
Microsoft Visual Studio Solution File, Format Version 12.00
# Visual Studio Version 16
VisualStudioVersion = 16.0.30406.217
MinimumVisualStudioVersion = 10.0.40219.1
Project("{9A19103F-16F7-4668-BE54-9A1E7A4F7556}") = "EasySoftware.MvvmMini.Core", "EasySoftware.MvvmMini.Core\EasySoftware.MvvmMini.Core.csproj", "{F4C0FC7A-6F1E-4B17-82F7-68741CE918EE}"
EndProject
Project("{9A19103F-16F7-4668-BE54-9A1E7A4F7556}") = "EasySoftware.MvvmMini", "EasySoftware.MvvmMini\EasySoftware.MvvmMini.csproj", "{8AEB03A4-1C15-4542-98D2-596E6B153547}"
EndProject
Project("{9A19103F-16F7-4668-BE54-9A1E7A4F7556}") = "EasySoftware.MvvmMini.Tests", "EasySoftware.MvvmMini.Tests\EasySoftware.MvvmMini.Tests.csproj", "{3B4242B2-607D-484A-92BF-14F4DB578BE2}"
EndProject
Project("{9A19103F-16F7-4668-BE54-9A1E7A4F7556}") = "EasySoftware.MvvmMini.Samples.Contacts", "SampleApplications\EasySoftware.MvvmMini.Samples.Contacts\EasySoftware.MvvmMini.Samples.Contacts.csproj", "{3E9C3F82-061E-474C-B06F-10BEA5A55973}"
EndProject
Project("{2150E333-8FDC-42A3-9474-1A3956D46DE8}") = "SampleApplications", "SampleApplications", "{354DBA3C-C45F-4C0A-8B17-24E481298942}"
EndProject
Project("{9A19103F-16F7-4668-BE54-9A1E7A4F7556}") = "EasySoftware.MvvmMini.Samples.Contacts.Tests", "SampleApplications\EasySoftware.MvvmMini.Samples.Contacts.Tests\EasySoftware.MvvmMini.Samples.Contacts.Tests.csproj", "{101D3CC8-6D35-425E-BD8C-2AA366B7198A}"
EndProject
Project("{9A19103F-16F7-4668-BE54-9A1E7A4F7556}") = "EasySoftware.MvvmMini.Samples.Notepad", "SampleApplications\EasySoftware.MvvmMini.Samples.Notepad\EasySoftware.MvvmMini.Samples.Notepad.csproj", "{E52654D1-4CDD-43DF-A090-01B7724E027D}"
EndProject
Project("{9A19103F-16F7-4668-BE54-9A1E7A4F7556}") = "EasySoftware.MvvmMini.Samples.HowTo", "SampleApplications\EasySoftware.MvvmMini.Samples.HowTo\EasySoftware.MvvmMini.Samples.HowTo.csproj", "{482CE772-89E2-4AD5-8651-D0E26F6462F5}"
EndProject
Project("{FAE04EC0-301F-11D3-BF4B-00C04F79EFBC}") = "EasySoftware.Abstractions", "EasySoftware.Abstractions\EasySoftware.Abstractions.csproj", "{302AC406-DD56-4D2E-A539-4853A22F7974}"
EndProject
Global
	GlobalSection(SolutionConfigurationPlatforms) = preSolution
		Debug|Any CPU = Debug|Any CPU
		Release|Any CPU = Release|Any CPU
	EndGlobalSection
	GlobalSection(ProjectConfigurationPlatforms) = postSolution
		{F4C0FC7A-6F1E-4B17-82F7-68741CE918EE}.Debug|Any CPU.ActiveCfg = Debug|Any CPU
		{F4C0FC7A-6F1E-4B17-82F7-68741CE918EE}.Debug|Any CPU.Build.0 = Debug|Any CPU
		{F4C0FC7A-6F1E-4B17-82F7-68741CE918EE}.Release|Any CPU.ActiveCfg = Release|Any CPU
		{F4C0FC7A-6F1E-4B17-82F7-68741CE918EE}.Release|Any CPU.Build.0 = Release|Any CPU
		{8AEB03A4-1C15-4542-98D2-596E6B153547}.Debug|Any CPU.ActiveCfg = Debug|Any CPU
		{8AEB03A4-1C15-4542-98D2-596E6B153547}.Debug|Any CPU.Build.0 = Debug|Any CPU
		{8AEB03A4-1C15-4542-98D2-596E6B153547}.Release|Any CPU.ActiveCfg = Release|Any CPU
		{8AEB03A4-1C15-4542-98D2-596E6B153547}.Release|Any CPU.Build.0 = Release|Any CPU
		{3B4242B2-607D-484A-92BF-14F4DB578BE2}.Debug|Any CPU.ActiveCfg = Debug|Any CPU
		{3B4242B2-607D-484A-92BF-14F4DB578BE2}.Debug|Any CPU.Build.0 = Debug|Any CPU
		{3B4242B2-607D-484A-92BF-14F4DB578BE2}.Release|Any CPU.ActiveCfg = Release|Any CPU
		{3B4242B2-607D-484A-92BF-14F4DB578BE2}.Release|Any CPU.Build.0 = Release|Any CPU
		{3E9C3F82-061E-474C-B06F-10BEA5A55973}.Debug|Any CPU.ActiveCfg = Debug|Any CPU
		{3E9C3F82-061E-474C-B06F-10BEA5A55973}.Debug|Any CPU.Build.0 = Debug|Any CPU
		{3E9C3F82-061E-474C-B06F-10BEA5A55973}.Release|Any CPU.ActiveCfg = Release|Any CPU
		{3E9C3F82-061E-474C-B06F-10BEA5A55973}.Release|Any CPU.Build.0 = Release|Any CPU
		{101D3CC8-6D35-425E-BD8C-2AA366B7198A}.Debug|Any CPU.ActiveCfg = Debug|Any CPU
		{101D3CC8-6D35-425E-BD8C-2AA366B7198A}.Debug|Any CPU.Build.0 = Debug|Any CPU
		{101D3CC8-6D35-425E-BD8C-2AA366B7198A}.Release|Any CPU.ActiveCfg = Release|Any CPU
		{101D3CC8-6D35-425E-BD8C-2AA366B7198A}.Release|Any CPU.Build.0 = Release|Any CPU
		{E52654D1-4CDD-43DF-A090-01B7724E027D}.Debug|Any CPU.ActiveCfg = Debug|Any CPU
		{E52654D1-4CDD-43DF-A090-01B7724E027D}.Debug|Any CPU.Build.0 = Debug|Any CPU
		{E52654D1-4CDD-43DF-A090-01B7724E027D}.Release|Any CPU.ActiveCfg = Release|Any CPU
		{E52654D1-4CDD-43DF-A090-01B7724E027D}.Release|Any CPU.Build.0 = Release|Any CPU
		{482CE772-89E2-4AD5-8651-D0E26F6462F5}.Debug|Any CPU.ActiveCfg = Debug|Any CPU
		{482CE772-89E2-4AD5-8651-D0E26F6462F5}.Debug|Any CPU.Build.0 = Debug|Any CPU
		{482CE772-89E2-4AD5-8651-D0E26F6462F5}.Release|Any CPU.ActiveCfg = Release|Any CPU
		{482CE772-89E2-4AD5-8651-D0E26F6462F5}.Release|Any CPU.Build.0 = Release|Any CPU
		{302AC406-DD56-4D2E-A539-4853A22F7974}.Debug|Any CPU.ActiveCfg = Debug|Any CPU
		{302AC406-DD56-4D2E-A539-4853A22F7974}.Debug|Any CPU.Build.0 = Debug|Any CPU
		{302AC406-DD56-4D2E-A539-4853A22F7974}.Release|Any CPU.ActiveCfg = Release|Any CPU
		{302AC406-DD56-4D2E-A539-4853A22F7974}.Release|Any CPU.Build.0 = Release|Any CPU
	EndGlobalSection
	GlobalSection(SolutionProperties) = preSolution
		HideSolutionNode = FALSE
	EndGlobalSection
	GlobalSection(NestedProjects) = preSolution
		{3E9C3F82-061E-474C-B06F-10BEA5A55973} = {354DBA3C-C45F-4C0A-8B17-24E481298942}
		{101D3CC8-6D35-425E-BD8C-2AA366B7198A} = {354DBA3C-C45F-4C0A-8B17-24E481298942}
		{E52654D1-4CDD-43DF-A090-01B7724E027D} = {354DBA3C-C45F-4C0A-8B17-24E481298942}
		{482CE772-89E2-4AD5-8651-D0E26F6462F5} = {354DBA3C-C45F-4C0A-8B17-24E481298942}
	EndGlobalSection
	GlobalSection(ExtensibilityGlobals) = postSolution
		SolutionGuid = {11DBE514-6AC2-4A0B-908B-85DFA52EB27C}
	EndGlobalSection
EndGlobal
